{
  "name": "genArrows",
  "lockfileVersion": 2,
  "requires": true,
  "packages": {
    "": {
      "dependencies": {
        "csv-parse": "^5.5.3",
        "nbt-ts": "^1.3.6"
      }
    },
    "node_modules/csv-parse": {
      "version": "5.5.3",
      "resolved": "https://registry.npmjs.org/csv-parse/-/csv-parse-5.5.3.tgz",
      "integrity": "sha512-v0KW6C0qlZzoGjk6u5tLmVfyZxNgPGXZsWTXshpAgKVGmGXzaVWGdlCFxNx5iuzcXT/oJN1HHM9DZKwtAtYa+A=="
    },
    "node_modules/nbt-ts": {
      "version": "1.3.6",
      "resolved": "https://registry.npmjs.org/nbt-ts/-/nbt-ts-1.3.6.tgz",
      "integrity": "sha512-TFMiJu0BQrH6IrVjVgk1osoN58Ep3SDz4rIM5h5y3nabT6sdSujnKKV9nJyEWBO/JfdWWCma3fiagcOvlXLojw=="
    }
  },
  "dependencies": {
    "csv-parse": {
      "version": "5.5.3",
      "resolved": "https://registry.npmjs.org/csv-parse/-/csv-parse-5.5.3.tgz",
      "integrity": "sha512-v0KW6C0qlZzoGjk6u5tLmVfyZxNgPGXZsWTXshpAgKVGmGXzaVWGdlCFxNx5iuzcXT/oJN1HHM9DZKwtAtYa+A=="
    },
    "nbt-ts": {
      "version": "1.3.6",
      "resolved": "https://registry.npmjs.org/nbt-ts/-/nbt-ts-1.3.6.tgz",
      "integrity": "sha512-TFMiJu0BQrH6IrVjVgk1osoN58Ep3SDz4rIM5h5y3nabT6sdSujnKKV9nJyEWBO/JfdWWCma3fiagcOvlXLojw=="
    }
  }
}
